
Microsoft Visual Studio Solution File, Format Version 12.00
# Visual Studio Version 16
VisualStudioVersion = 16.0.31729.503
MinimumVisualStudioVersion = 10.0.40219.1
Project("{9A19103F-16F7-4668-BE54-9A1E7A4F7556}") = "DogeNet.BLL", "DogeNet.BLL\DogeNet.BLL.csproj", "{FCD773CB-9268-4CB4-9D53-43E1A6142232}"
EndProject
Project("{9A19103F-16F7-4668-BE54-9A1E7A4F7556}") = "DogeNet.DAL", "DogeNet.DAL\DogeNet.DAL.csproj", "{BE5454A0-BCE2-4197-8DBC-50ADA5B4241F}"
EndProject
Project("{2150E333-8FDC-42A3-9474-1A3956D46DE8}") = "Solution Items", "Solution Items", "{7CEF56E1-78BF-4391-B4BD-C5609F23A5E2}"
	ProjectSection(SolutionItems) = preProject
		.editorconfig = .editorconfig
	EndProjectSection
EndProject
Project("{9A19103F-16F7-4668-BE54-9A1E7A4F7556}") = "DogeNet.WebApi", "DogeNet.WebApi\DogeNet.WebApi.csproj", "{E4868DAF-3A69-4B3F-AAF2-261EA9E7BF5D}"
EndProject
Project("{9A19103F-16F7-4668-BE54-9A1E7A4F7556}") = "DogeNet.IdentityServer", "DogeNet.IdentityServer\DogeNet.IdentityServer.csproj", "{3F04C20E-A9F1-4EA7-906D-AF152AA99AC4}"
EndProject
Project("{9A19103F-16F7-4668-BE54-9A1E7A4F7556}") = "DogeNet.Registration", "DogeNet.Registration\DogeNet.Registration.csproj", "{B41560E9-75B1-4234-8DC4-1EBB3D1624DD}"
EndProject
Project("{FAE04EC0-301F-11D3-BF4B-00C04F79EFBC}") = "DogeNet.Tests", "DogeNet.Tests\DogeNet.Tests.csproj", "{FD1F58A2-76E2-46F4-A39C-8FA308CDAF6C}"
EndProject
Global
	GlobalSection(SolutionConfigurationPlatforms) = preSolution
		Debug|Any CPU = Debug|Any CPU
		Release|Any CPU = Release|Any CPU
	EndGlobalSection
	GlobalSection(ProjectConfigurationPlatforms) = postSolution
		{FCD773CB-9268-4CB4-9D53-43E1A6142232}.Debug|Any CPU.ActiveCfg = Debug|Any CPU
		{FCD773CB-9268-4CB4-9D53-43E1A6142232}.Debug|Any CPU.Build.0 = Debug|Any CPU
		{FCD773CB-9268-4CB4-9D53-43E1A6142232}.Release|Any CPU.ActiveCfg = Release|Any CPU
		{FCD773CB-9268-4CB4-9D53-43E1A6142232}.Release|Any CPU.Build.0 = Release|Any CPU
		{BE5454A0-BCE2-4197-8DBC-50ADA5B4241F}.Debug|Any CPU.ActiveCfg = Debug|Any CPU
		{BE5454A0-BCE2-4197-8DBC-50ADA5B4241F}.Debug|Any CPU.Build.0 = Debug|Any CPU
		{BE5454A0-BCE2-4197-8DBC-50ADA5B4241F}.Release|Any CPU.ActiveCfg = Release|Any CPU
		{BE5454A0-BCE2-4197-8DBC-50ADA5B4241F}.Release|Any CPU.Build.0 = Release|Any CPU
		{E4868DAF-3A69-4B3F-AAF2-261EA9E7BF5D}.Debug|Any CPU.ActiveCfg = Debug|Any CPU
		{E4868DAF-3A69-4B3F-AAF2-261EA9E7BF5D}.Debug|Any CPU.Build.0 = Debug|Any CPU
		{E4868DAF-3A69-4B3F-AAF2-261EA9E7BF5D}.Release|Any CPU.ActiveCfg = Release|Any CPU
		{E4868DAF-3A69-4B3F-AAF2-261EA9E7BF5D}.Release|Any CPU.Build.0 = Release|Any CPU
		{3F04C20E-A9F1-4EA7-906D-AF152AA99AC4}.Debug|Any CPU.ActiveCfg = Debug|Any CPU
		{3F04C20E-A9F1-4EA7-906D-AF152AA99AC4}.Debug|Any CPU.Build.0 = Debug|Any CPU
		{3F04C20E-A9F1-4EA7-906D-AF152AA99AC4}.Release|Any CPU.ActiveCfg = Release|Any CPU
		{3F04C20E-A9F1-4EA7-906D-AF152AA99AC4}.Release|Any CPU.Build.0 = Release|Any CPU
		{B41560E9-75B1-4234-8DC4-1EBB3D1624DD}.Debug|Any CPU.ActiveCfg = Debug|Any CPU
		{B41560E9-75B1-4234-8DC4-1EBB3D1624DD}.Debug|Any CPU.Build.0 = Debug|Any CPU
		{B41560E9-75B1-4234-8DC4-1EBB3D1624DD}.Release|Any CPU.ActiveCfg = Release|Any CPU
		{B41560E9-75B1-4234-8DC4-1EBB3D1624DD}.Release|Any CPU.Build.0 = Release|Any CPU
		{FD1F58A2-76E2-46F4-A39C-8FA308CDAF6C}.Debug|Any CPU.ActiveCfg = Debug|Any CPU
		{FD1F58A2-76E2-46F4-A39C-8FA308CDAF6C}.Debug|Any CPU.Build.0 = Debug|Any CPU
		{FD1F58A2-76E2-46F4-A39C-8FA308CDAF6C}.Release|Any CPU.ActiveCfg = Release|Any CPU
		{FD1F58A2-76E2-46F4-A39C-8FA308CDAF6C}.Release|Any CPU.Build.0 = Release|Any CPU
	EndGlobalSection
	GlobalSection(SolutionProperties) = preSolution
		HideSolutionNode = FALSE
	EndGlobalSection
	GlobalSection(ExtensibilityGlobals) = postSolution
		SolutionGuid = {79B9B219-6391-4EDC-8B1F-40E034E88FF9}
	EndGlobalSection
EndGlobal
